
Microsoft Visual Studio Solution File, Format Version 12.00
# Visual Studio Version 17
VisualStudioVersion = 17.10.34928.147
MinimumVisualStudioVersion = 10.0.40219.1
Project("{FAE04EC0-301F-11D3-BF4B-00C04F79EFBC}") = "AuthECAPI", "AuthECAPI\AuthECAPI.csproj", "{B12F6995-F694-47CD-AC2A-05D614B794D9}"
EndProject
Project("{2150E333-8FDC-42A3-9474-1A3956D46DE8}") = "Solution Items", "Solution Items", "{A5A0D31E-DD93-4029-8055-100164DCC87F}"
	ProjectSection(SolutionItems) = preProject
		.editorconfig = .editorconfig
	EndProjectSection
EndProject
Global
	GlobalSection(SolutionConfigurationPlatforms) = preSolution
		Debug|Any CPU = Debug|Any CPU
		Release|Any CPU = Release|Any CPU
	EndGlobalSection
	GlobalSection(ProjectConfigurationPlatforms) = postSolution
		{B12F6995-F694-47CD-AC2A-05D614B794D9}.Debug|Any CPU.ActiveCfg = Debug|Any CPU
		{B12F6995-F694-47CD-AC2A-05D614B794D9}.Debug|Any CPU.Build.0 = Debug|Any CPU
		{B12F6995-F694-47CD-AC2A-05D614B794D9}.Release|Any CPU.ActiveCfg = Release|Any CPU
		{B12F6995-F694-47CD-AC2A-05D614B794D9}.Release|Any CPU.Build.0 = Release|Any CPU
	EndGlobalSection
	GlobalSection(SolutionProperties) = preSolution
		HideSolutionNode = FALSE
	EndGlobalSection
	GlobalSection(ExtensibilityGlobals) = postSolution
		SolutionGuid = {736DA48A-6004-40CF-AC0A-3DEB22AD55E5}
	EndGlobalSection
EndGlobal
